
Microsoft Visual Studio Solution File, Format Version 12.00
# Visual Studio 2017
Project("{FAE04EC0-301F-11D3-BF4B-00C04F79EFBC}") = "Presentation", "Presentation\Presentation.csproj", "{3055E1A9-528D-4E5E-9CF8-8EC103E1DDD1}"
EndProject
Project("{FAE04EC0-301F-11D3-BF4B-00C04F79EFBC}") = "Test", "Test\Test.csproj", "{4A45C180-BCC4-496F-923A-5AE72FF5F0AD}"
EndProject
Global
	GlobalSection(SolutionConfigurationPlatforms) = preSolution
		Debug|Any CPU = Debug|Any CPU
		Release|Any CPU = Release|Any CPU
	EndGlobalSection
	GlobalSection(ProjectConfigurationPlatforms) = postSolution
		{3055E1A9-528D-4E5E-9CF8-8EC103E1DDD1}.Debug|Any CPU.ActiveCfg = Debug|Any CPU
		{3055E1A9-528D-4E5E-9CF8-8EC103E1DDD1}.Debug|Any CPU.Build.0 = Debug|Any CPU
		{3055E1A9-528D-4E5E-9CF8-8EC103E1DDD1}.Release|Any CPU.ActiveCfg = Release|Any CPU
		{3055E1A9-528D-4E5E-9CF8-8EC103E1DDD1}.Release|Any CPU.Build.0 = Release|Any CPU
		{4A45C180-BCC4-496F-923A-5AE72FF5F0AD}.Debug|Any CPU.ActiveCfg = Debug|Any CPU
		{4A45C180-BCC4-496F-923A-5AE72FF5F0AD}.Debug|Any CPU.Build.0 = Debug|Any CPU
		{4A45C180-BCC4-496F-923A-5AE72FF5F0AD}.Release|Any CPU.ActiveCfg = Release|Any CPU
		{4A45C180-BCC4-496F-923A-5AE72FF5F0AD}.Release|Any CPU.Build.0 = Release|Any CPU
	EndGlobalSection
EndGlobal
